
Microsoft Visual Studio Solution File, Format Version 12.00
# Visual Studio Version 16
VisualStudioVersion = 16.0.31129.286
MinimumVisualStudioVersion = 10.0.40219.1
Project("{FAE04EC0-301F-11D3-BF4B-00C04F79EFBC}") = "interview1", "interview1.csproj", "{6ED622F6-20DE-4955-89A8-96746DBF032F}"
EndProject
Global
	GlobalSection(SolutionConfigurationPlatforms) = preSolution
		Debug|Any CPU = Debug|Any CPU
		Release|Any CPU = Release|Any CPU
	EndGlobalSection
	GlobalSection(ProjectConfigurationPlatforms) = postSolution
		{6ED622F6-20DE-4955-89A8-96746DBF032F}.Debug|Any CPU.ActiveCfg = Debug|Any CPU
		{6ED622F6-20DE-4955-89A8-96746DBF032F}.Debug|Any CPU.Build.0 = Debug|Any CPU
		{6ED622F6-20DE-4955-89A8-96746DBF032F}.Release|Any CPU.ActiveCfg = Release|Any CPU
		{6ED622F6-20DE-4955-89A8-96746DBF032F}.Release|Any CPU.Build.0 = Release|Any CPU
	EndGlobalSection
	GlobalSection(SolutionProperties) = preSolution
		HideSolutionNode = FALSE
	EndGlobalSection
	GlobalSection(ExtensibilityGlobals) = postSolution
		SolutionGuid = {6873E561-7D5C-49A3-B2C8-F022D4788659}
	EndGlobalSection
EndGlobal
