
Microsoft Visual Studio Solution File, Format Version 12.00
# Visual Studio Version 16
VisualStudioVersion = 16.0.31129.286
MinimumVisualStudioVersion = 10.0.40219.1
Project("{FAE04EC0-301F-11D3-BF4B-00C04F79EFBC}") = "ConsoleApp1", "..\ConsoleApp1\ConsoleApp1.csproj", "{A3E4664B-A9EC-4DB5-8874-9DF2F7EFD155}"
EndProject
Global
	GlobalSection(SolutionConfigurationPlatforms) = preSolution
		Debug|Any CPU = Debug|Any CPU
		Release|Any CPU = Release|Any CPU
	EndGlobalSection
	GlobalSection(ProjectConfigurationPlatforms) = postSolution
		{A3E4664B-A9EC-4DB5-8874-9DF2F7EFD155}.Debug|Any CPU.ActiveCfg = Debug|Any CPU
		{A3E4664B-A9EC-4DB5-8874-9DF2F7EFD155}.Debug|Any CPU.Build.0 = Debug|Any CPU
		{A3E4664B-A9EC-4DB5-8874-9DF2F7EFD155}.Release|Any CPU.ActiveCfg = Release|Any CPU
		{A3E4664B-A9EC-4DB5-8874-9DF2F7EFD155}.Release|Any CPU.Build.0 = Release|Any CPU
	EndGlobalSection
	GlobalSection(SolutionProperties) = preSolution
		HideSolutionNode = FALSE
	EndGlobalSection
	GlobalSection(ExtensibilityGlobals) = postSolution
		SolutionGuid = {9BA2B95B-5E19-4490-84C4-50CED52119B6}
	EndGlobalSection
EndGlobal
